
Microsoft Visual Studio Solution File, Format Version 12.00
# Visual Studio Version 16
VisualStudioVersion = 16.0.32106.194
MinimumVisualStudioVersion = 10.0.40219.1
Project("{FAE04EC0-301F-11D3-BF4B-00C04F79EFBC}") = "MockSchoolManagement", "MockSchoolManagement.csproj", "{E72E06C0-6763-4BA8-B4A9-3AB0B8199F99}"
EndProject
Global
	GlobalSection(SolutionConfigurationPlatforms) = preSolution
		Debug|Any CPU = Debug|Any CPU
		Release|Any CPU = Release|Any CPU
	EndGlobalSection
	GlobalSection(ProjectConfigurationPlatforms) = postSolution
		{E72E06C0-6763-4BA8-B4A9-3AB0B8199F99}.Debug|Any CPU.ActiveCfg = Debug|Any CPU
		{E72E06C0-6763-4BA8-B4A9-3AB0B8199F99}.Debug|Any CPU.Build.0 = Debug|Any CPU
		{E72E06C0-6763-4BA8-B4A9-3AB0B8199F99}.Release|Any CPU.ActiveCfg = Release|Any CPU
		{E72E06C0-6763-4BA8-B4A9-3AB0B8199F99}.Release|Any CPU.Build.0 = Release|Any CPU
	EndGlobalSection
	GlobalSection(SolutionProperties) = preSolution
		HideSolutionNode = FALSE
	EndGlobalSection
	GlobalSection(ExtensibilityGlobals) = postSolution
		SolutionGuid = {80509AB3-E272-4E58-8714-E4B4386C5735}
	EndGlobalSection
EndGlobal
